// !$*UTF8*$!
{
	archiveVersion = 1;
	classes = {
	};
	objectVersion = 50;
	objects = {

/* Begin PBXBuildFile section */
		F87F48E0267F703E004BD88D /* AppDelegate.swift in Sources */ = {isa = PBXBuildFile; fileRef = F87F48DF267F703E004BD88D /* AppDelegate.swift */; };
		F87F48E2267F703E004BD88D /* SceneDelegate.swift in Sources */ = {isa = PBXBuildFile; fileRef = F87F48E1267F703E004BD88D /* SceneDelegate.swift */; };
		F87F48E7267F703E004BD88D /* Main.storyboard in Resources */ = {isa = PBXBuildFile; fileRef = F87F48E5267F703E004BD88D /* Main.storyboard */; };
		F87F48E9267F703E004BD88D /* Assets.xcassets in Resources */ = {isa = PBXBuildFile; fileRef = F87F48E8267F703E004BD88D /* Assets.xcassets */; };
		F87F48EC267F703E004BD88D /* LaunchScreen.storyboard in Resources */ = {isa = PBXBuildFile; fileRef = F87F48EA267F703E004BD88D /* LaunchScreen.storyboard */; };
		F87F48F8267F7392004BD88D /* MainVC.swift in Sources */ = {isa = PBXBuildFile; fileRef = F87F48F7267F7392004BD88D /* MainVC.swift */; };
		F87F4900267F7402004BD88D /* Const.swift in Sources */ = {isa = PBXBuildFile; fileRef = F87F48FF267F7402004BD88D /* Const.swift */; };
		F87F4906267F7D1B004BD88D /* MainCollectionCell.swift in Sources */ = {isa = PBXBuildFile; fileRef = F87F4904267F7D1B004BD88D /* MainCollectionCell.swift */; };
		F87F4907267F7D1B004BD88D /* MainCollectionCell.xib in Resources */ = {isa = PBXBuildFile; fileRef = F87F4905267F7D1B004BD88D /* MainCollectionCell.xib */; };
		F87F490A267F80F7004BD88D /* ImageModel.swift in Sources */ = {isa = PBXBuildFile; fileRef = F87F4909267F80F7004BD88D /* ImageModel.swift */; };
/* End PBXBuildFile section */

/* Begin PBXFileReference section */
		F87F48DC267F703E004BD88D /* PinterestTutorial-iOS.app */ = {isa = PBXFileReference; explicitFileType = wrapper.application; includeInIndex = 0; path = "PinterestTutorial-iOS.app"; sourceTree = BUILT_PRODUCTS_DIR; };
		F87F48DF267F703E004BD88D /* AppDelegate.swift */ = {isa = PBXFileReference; lastKnownFileType = sourcecode.swift; path = AppDelegate.swift; sourceTree = "<group>"; };
		F87F48E1267F703E004BD88D /* SceneDelegate.swift */ = {isa = PBXFileReference; lastKnownFileType = sourcecode.swift; path = SceneDelegate.swift; sourceTree = "<group>"; };
		F87F48E6267F703E004BD88D /* Base */ = {isa = PBXFileReference; lastKnownFileType = file.storyboard; name = Base; path = Base.lproj/Main.storyboard; sourceTree = "<group>"; };
		F87F48E8267F703E004BD88D /* Assets.xcassets */ = {isa = PBXFileReference; lastKnownFileType = folder.assetcatalog; path = Assets.xcassets; sourceTree = "<group>"; };
		F87F48EB267F703E004BD88D /* Base */ = {isa = PBXFileReference; lastKnownFileType = file.storyboard; name = Base; path = Base.lproj/LaunchScreen.storyboard; sourceTree = "<group>"; };
		F87F48ED267F703E004BD88D /* Info.plist */ = {isa = PBXFileReference; lastKnownFileType = text.plist.xml; path = Info.plist; sourceTree = "<group>"; };
		F87F48F7267F7392004BD88D /* MainVC.swift */ = {isa = PBXFileReference; lastKnownFileType = sourcecode.swift; path = MainVC.swift; sourceTree = "<group>"; };
		F87F48FF267F7402004BD88D /* Const.swift */ = {isa = PBXFileReference; lastKnownFileType = sourcecode.swift; path = Const.swift; sourceTree = "<group>"; };
		F87F4904267F7D1B004BD88D /* MainCollectionCell.swift */ = {isa = PBXFileReference; lastKnownFileType = sourcecode.swift; path = MainCollectionCell.swift; sourceTree = "<group>"; };
		F87F4905267F7D1B004BD88D /* MainCollectionCell.xib */ = {isa = PBXFileReference; lastKnownFileType = file.xib; path = MainCollectionCell.xib; sourceTree = "<group>"; };
		F87F4909267F80F7004BD88D /* ImageModel.swift */ = {isa = PBXFileReference; lastKnownFileType = sourcecode.swift; path = ImageModel.swift; sourceTree = "<group>"; };
/* End PBXFileReference section */

/* Begin PBXFrameworksBuildPhase section */
		F87F48D9267F703E004BD88D /* Frameworks */ = {
			isa = PBXFrameworksBuildPhase;
			buildActionMask = 2147483647;
			files = (
			);
			runOnlyForDeploymentPostprocessing = 0;
		};
/* End PBXFrameworksBuildPhase section */

/* Begin PBXGroup section */
		F87F48D3267F703E004BD88D = {
			isa = PBXGroup;
			children = (
				F87F48DE267F703E004BD88D /* PinterestTutorial-iOS */,
				F87F48DD267F703E004BD88D /* Products */,
			);
			sourceTree = "<group>";
		};
		F87F48DD267F703E004BD88D /* Products */ = {
			isa = PBXGroup;
			children = (
				F87F48DC267F703E004BD88D /* PinterestTutorial-iOS.app */,
			);
			name = Products;
			sourceTree = "<group>";
		};
		F87F48DE267F703E004BD88D /* PinterestTutorial-iOS */ = {
			isa = PBXGroup;
			children = (
				F87F48ED267F703E004BD88D /* Info.plist */,
				F87F48E8267F703E004BD88D /* Assets.xcassets */,
				F87F48F4267F733F004BD88D /* Source */,
				F87F48F3267F7338004BD88D /* Resource */,
			);
			path = "PinterestTutorial-iOS";
			sourceTree = "<group>";
		};
		F87F48F3267F7338004BD88D /* Resource */ = {
			isa = PBXGroup;
			children = (
				F87F48F5267F734D004BD88D /* Storyboard */,
			);
			path = Resource;
			sourceTree = "<group>";
		};
		F87F48F4267F733F004BD88D /* Source */ = {
			isa = PBXGroup;
			children = (
				F87F48DF267F703E004BD88D /* AppDelegate.swift */,
				F87F48E1267F703E004BD88D /* SceneDelegate.swift */,
				F87F4908267F80DE004BD88D /* Models */,
				F87F4901267F7B79004BD88D /* Extensions */,
				F87F48FE267F73EF004BD88D /* Consts */,
				F87F48F9267F73B3004BD88D /* Cells */,
				F87F48F6267F7357004BD88D /* VCs */,
			);
			path = Source;
			sourceTree = "<group>";
		};
		F87F48F5267F734D004BD88D /* Storyboard */ = {
			isa = PBXGroup;
			children = (
				F87F48E5267F703E004BD88D /* Main.storyboard */,
				F87F48EA267F703E004BD88D /* LaunchScreen.storyboard */,
			);
			path = Storyboard;
			sourceTree = "<group>";
		};
		F87F48F6267F7357004BD88D /* VCs */ = {
			isa = PBXGroup;
			children = (
				F87F48F7267F7392004BD88D /* MainVC.swift */,
			);
			path = VCs;
			sourceTree = "<group>";
		};
		F87F48F9267F73B3004BD88D /* Cells */ = {
			isa = PBXGroup;
			children = (
				F87F4904267F7D1B004BD88D /* MainCollectionCell.swift */,
				F87F4905267F7D1B004BD88D /* MainCollectionCell.xib */,
			);
			path = Cells;
			sourceTree = "<group>";
		};
		F87F48FE267F73EF004BD88D /* Consts */ = {
			isa = PBXGroup;
			children = (
				F87F48FF267F7402004BD88D /* Const.swift */,
			);
			path = Consts;
			sourceTree = "<group>";
		};
		F87F4901267F7B79004BD88D /* Extensions */ = {
			isa = PBXGroup;
			children = (
			);
			path = Extensions;
			sourceTree = "<group>";
		};
		F87F4908267F80DE004BD88D /* Models */ = {
			isa = PBXGroup;
			children = (
				F87F4909267F80F7004BD88D /* ImageModel.swift */,
			);
			path = Models;
			sourceTree = "<group>";
		};
/* End PBXGroup section */

/* Begin PBXNativeTarget section */
		F87F48DB267F703E004BD88D /* PinterestTutorial-iOS */ = {
			isa = PBXNativeTarget;
			buildConfigurationList = F87F48F0267F703E004BD88D /* Build configuration list for PBXNativeTarget "PinterestTutorial-iOS" */;
			buildPhases = (
				F87F48D8267F703E004BD88D /* Sources */,
				F87F48D9267F703E004BD88D /* Frameworks */,
				F87F48DA267F703E004BD88D /* Resources */,
			);
			buildRules = (
			);
			dependencies = (
			);
			name = "PinterestTutorial-iOS";
			productName = "PinterestTutorial-iOS";
			productReference = F87F48DC267F703E004BD88D /* PinterestTutorial-iOS.app */;
			productType = "com.apple.product-type.application";
		};
/* End PBXNativeTarget section */

/* Begin PBXProject section */
		F87F48D4267F703E004BD88D /* Project object */ = {
			isa = PBXProject;
			attributes = {
				LastSwiftUpdateCheck = 1250;
				LastUpgradeCheck = 1250;
				TargetAttributes = {
					F87F48DB267F703E004BD88D = {
						CreatedOnToolsVersion = 12.5;
					};
				};
			};
			buildConfigurationList = F87F48D7267F703E004BD88D /* Build configuration list for PBXProject "PinterestTutorial-iOS" */;
			compatibilityVersion = "Xcode 9.3";
			developmentRegion = en;
			hasScannedForEncodings = 0;
			knownRegions = (
				en,
				Base,
			);
			mainGroup = F87F48D3267F703E004BD88D;
			productRefGroup = F87F48DD267F703E004BD88D /* Products */;
			projectDirPath = "";
			projectRoot = "";
			targets = (
				F87F48DB267F703E004BD88D /* PinterestTutorial-iOS */,
			);
		};
/* End PBXProject section */

/* Begin PBXResourcesBuildPhase section */
		F87F48DA267F703E004BD88D /* Resources */ = {
			isa = PBXResourcesBuildPhase;
			buildActionMask = 2147483647;
			files = (
				F87F4907267F7D1B004BD88D /* MainCollectionCell.xib in Resources */,
				F87F48EC267F703E004BD88D /* LaunchScreen.storyboard in Resources */,
				F87F48E9267F703E004BD88D /* Assets.xcassets in Resources */,
				F87F48E7267F703E004BD88D /* Main.storyboard in Resources */,
			);
			runOnlyForDeploymentPostprocessing = 0;
		};
/* End PBXResourcesBuildPhase section */

/* Begin PBXSourcesBuildPhase section */
		F87F48D8267F703E004BD88D /* Sources */ = {
			isa = PBXSourcesBuildPhase;
			buildActionMask = 2147483647;
			files = (
				F87F48F8267F7392004BD88D /* MainVC.swift in Sources */,
				F87F490A267F80F7004BD88D /* ImageModel.swift in Sources */,
				F87F48E0267F703E004BD88D /* AppDelegate.swift in Sources */,
				F87F48E2267F703E004BD88D /* SceneDelegate.swift in Sources */,
				F87F4906267F7D1B004BD88D /* MainCollectionCell.swift in Sources */,
				F87F4900267F7402004BD88D /* Const.swift in Sources */,
			);
			runOnlyForDeploymentPostprocessing = 0;
		};
/* End PBXSourcesBuildPhase section */

/* Begin PBXVariantGroup section */
		F87F48E5267F703E004BD88D /* Main.storyboard */ = {
			isa = PBXVariantGroup;
			children = (
				F87F48E6267F703E004BD88D /* Base */,
			);
			name = Main.storyboard;
			sourceTree = "<group>";
		};
		F87F48EA267F703E004BD88D /* LaunchScreen.storyboard */ = {
			isa = PBXVariantGroup;
			children = (
				F87F48EB267F703E004BD88D /* Base */,
			);
			name = LaunchScreen.storyboard;
			sourceTree = "<group>";
		};
/* End PBXVariantGroup section */

/* Begin XCBuildConfiguration section */
		F87F48EE267F703E004BD88D /* Debug */ = {
			isa = XCBuildConfiguration;
			buildSettings = {
				ALWAYS_SEARCH_USER_PATHS = NO;
				CLANG_ANALYZER_NONNULL = YES;
				CLANG_ANALYZER_NUMBER_OBJECT_CONVERSION = YES_AGGRESSIVE;
				CLANG_CXX_LANGUAGE_STANDARD = "gnu++14";
				CLANG_CXX_LIBRARY = "libc++";
				CLANG_ENABLE_MODULES = YES;
				CLANG_ENABLE_OBJC_ARC = YES;
				CLANG_ENABLE_OBJC_WEAK = YES;
				CLANG_WARN_BLOCK_CAPTURE_AUTORELEASING = YES;
				CLANG_WARN_BOOL_CONVERSION = YES;
				CLANG_WARN_COMMA = YES;
				CLANG_WARN_CONSTANT_CONVERSION = YES;
				CLANG_WARN_DEPRECATED_OBJC_IMPLEMENTATIONS = YES;
				CLANG_WARN_DIRECT_OBJC_ISA_USAGE = YES_ERROR;
				CLANG_WARN_DOCUMENTATION_COMMENTS = YES;
				CLANG_WARN_EMPTY_BODY = YES;
				CLANG_WARN_ENUM_CONVERSION = YES;
				CLANG_WARN_INFINITE_RECURSION = YES;
				CLANG_WARN_INT_CONVERSION = YES;
				CLANG_WARN_NON_LITERAL_NULL_CONVERSION = YES;
				CLANG_WARN_OBJC_IMPLICIT_RETAIN_SELF = YES;
				CLANG_WARN_OBJC_LITERAL_CONVERSION = YES;
				CLANG_WARN_OBJC_ROOT_CLASS = YES_ERROR;
				CLANG_WARN_QUOTED_INCLUDE_IN_FRAMEWORK_HEADER = YES;
				CLANG_WARN_RANGE_LOOP_ANALYSIS = YES;
				CLANG_WARN_STRICT_PROTOTYPES = YES;
				CLANG_WARN_SUSPICIOUS_MOVE = YES;
				CLANG_WARN_UNGUARDED_AVAILABILITY = YES_AGGRESSIVE;
				CLANG_WARN_UNREACHABLE_CODE = YES;
				CLANG_WARN__DUPLICATE_METHOD_MATCH = YES;
				COPY_PHASE_STRIP = NO;
				DEBUG_INFORMATION_FORMAT = dwarf;
				ENABLE_STRICT_OBJC_MSGSEND = YES;
				ENABLE_TESTABILITY = YES;
				GCC_C_LANGUAGE_STANDARD = gnu11;
				GCC_DYNAMIC_NO_PIC = NO;
				GCC_NO_COMMON_BLOCKS = YES;
				GCC_OPTIMIZATION_LEVEL = 0;
				GCC_PREPROCESSOR_DEFINITIONS = (
					"DEBUG=1",
					"$(inherited)",
				);
				GCC_WARN_64_TO_32_BIT_CONVERSION = YES;
				GCC_WARN_ABOUT_RETURN_TYPE = YES_ERROR;
				GCC_WARN_UNDECLARED_SELECTOR = YES;
				GCC_WARN_UNINITIALIZED_AUTOS = YES_AGGRESSIVE;
				GCC_WARN_UNUSED_FUNCTION = YES;
				GCC_WARN_UNUSED_VARIABLE = YES;
				IPHONEOS_DEPLOYMENT_TARGET = 14.5;
				MTL_ENABLE_DEBUG_INFO = INCLUDE_SOURCE;
				MTL_FAST_MATH = YES;
				ONLY_ACTIVE_ARCH = YES;
				SDKROOT = iphoneos;
				SWIFT_ACTIVE_COMPILATION_CONDITIONS = DEBUG;
				SWIFT_OPTIMIZATION_LEVEL = "-Onone";
			};
			name = Debug;
		};
		F87F48EF267F703E004BD88D /* Release */ = {
			isa = XCBuildConfiguration;
			buildSettings = {
				ALWAYS_SEARCH_USER_PATHS = NO;
				CLANG_ANALYZER_NONNULL = YES;
				CLANG_ANALYZER_NUMBER_OBJECT_CONVERSION = YES_AGGRESSIVE;
				CLANG_CXX_LANGUAGE_STANDARD = "gnu++14";
				CLANG_CXX_LIBRARY = "libc++";
				CLANG_ENABLE_MODULES = YES;
				CLANG_ENABLE_OBJC_ARC = YES;
				CLANG_ENABLE_OBJC_WEAK = YES;
				CLANG_WARN_BLOCK_CAPTURE_AUTORELEASING = YES;
				CLANG_WARN_BOOL_CONVERSION = YES;
				CLANG_WARN_COMMA = YES;
				CLANG_WARN_CONSTANT_CONVERSION = YES;
				CLANG_WARN_DEPRECATED_OBJC_IMPLEMENTATIONS = YES;
				CLANG_WARN_DIRECT_OBJC_ISA_USAGE = YES_ERROR;
				CLANG_WARN_DOCUMENTATION_COMMENTS = YES;
				CLANG_WARN_EMPTY_BODY = YES;
				CLANG_WARN_ENUM_CONVERSION = YES;
				CLANG_WARN_INFINITE_RECURSION = YES;
				CLANG_WARN_INT_CONVERSION = YES;
				CLANG_WARN_NON_LITERAL_NULL_CONVERSION = YES;
				CLANG_WARN_OBJC_IMPLICIT_RETAIN_SELF = YES;
				CLANG_WARN_OBJC_LITERAL_CONVERSION = YES;
				CLANG_WARN_OBJC_ROOT_CLASS = YES_ERROR;
				CLANG_WARN_QUOTED_INCLUDE_IN_FRAMEWORK_HEADER = YES;
				CLANG_WARN_RANGE_LOOP_ANALYSIS = YES;
				CLANG_WARN_STRICT_PROTOTYPES = YES;
				CLANG_WARN_SUSPICIOUS_MOVE = YES;
				CLANG_WARN_UNGUARDED_AVAILABILITY = YES_AGGRESSIVE;
				CLANG_WARN_UNREACHABLE_CODE = YES;
				CLANG_WARN__DUPLICATE_METHOD_MATCH = YES;
				COPY_PHASE_STRIP = NO;
				DEBUG_INFORMATION_FORMAT = "dwarf-with-dsym";
				ENABLE_NS_ASSERTIONS = NO;
				ENABLE_STRICT_OBJC_MSGSEND = YES;
				GCC_C_LANGUAGE_STANDARD = gnu11;
				GCC_NO_COMMON_BLOCKS = YES;
				GCC_WARN_64_TO_32_BIT_CONVERSION = YES;
				GCC_WARN_ABOUT_RETURN_TYPE = YES_ERROR;
				GCC_WARN_UNDECLARED_SELECTOR = YES;
				GCC_WARN_UNINITIALIZED_AUTOS = YES_AGGRESSIVE;
				GCC_WARN_UNUSED_FUNCTION = YES;
				GCC_WARN_UNUSED_VARIABLE = YES;
				IPHONEOS_DEPLOYMENT_TARGET = 14.5;
				MTL_ENABLE_DEBUG_INFO = NO;
				MTL_FAST_MATH = YES;
				SDKROOT = iphoneos;
				SWIFT_COMPILATION_MODE = wholemodule;
				SWIFT_OPTIMIZATION_LEVEL = "-O";
				VALIDATE_PRODUCT = YES;
			};
			name = Release;
		};
		F87F48F1267F703E004BD88D /* Debug */ = {
			isa = XCBuildConfiguration;
			buildSettings = {
				ASSETCATALOG_COMPILER_APPICON_NAME = AppIcon;
				ASSETCATALOG_COMPILER_GLOBAL_ACCENT_COLOR_NAME = AccentColor;
				CODE_SIGN_STYLE = Automatic;
				DEVELOPMENT_TEAM = T8C9SSEX5G;
				INFOPLIST_FILE = "PinterestTutorial-iOS/Info.plist";
				LD_RUNPATH_SEARCH_PATHS = (
					"$(inherited)",
					"@executable_path/Frameworks",
				);
				PRODUCT_BUNDLE_IDENTIFIER = "hyun99999.PinterestTutorial-iOS";
				PRODUCT_NAME = "$(TARGET_NAME)";
				SWIFT_VERSION = 5.0;
				TARGETED_DEVICE_FAMILY = "1,2";
			};
			name = Debug;
		};
		F87F48F2267F703E004BD88D /* Release */ = {
			isa = XCBuildConfiguration;
			buildSettings = {
				ASSETCATALOG_COMPILER_APPICON_NAME = AppIcon;
				ASSETCATALOG_COMPILER_GLOBAL_ACCENT_COLOR_NAME = AccentColor;
				CODE_SIGN_STYLE = Automatic;
				DEVELOPMENT_TEAM = T8C9SSEX5G;
				INFOPLIST_FILE = "PinterestTutorial-iOS/Info.plist";
				LD_RUNPATH_SEARCH_PATHS = (
					"$(inherited)",
					"@executable_path/Frameworks",
				);
				PRODUCT_BUNDLE_IDENTIFIER = "hyun99999.PinterestTutorial-iOS";
				PRODUCT_NAME = "$(TARGET_NAME)";
				SWIFT_VERSION = 5.0;
				TARGETED_DEVICE_FAMILY = "1,2";
			};
			name = Release;
		};
/* End XCBuildConfiguration section */

/* Begin XCConfigurationList section */
		F87F48D7267F703E004BD88D /* Build configuration list for PBXProject "PinterestTutorial-iOS" */ = {
			isa = XCConfigurationList;
			buildConfigurations = (
				F87F48EE267F703E004BD88D /* Debug */,
				F87F48EF267F703E004BD88D /* Release */,
			);
			defaultConfigurationIsVisible = 0;
			defaultConfigurationName = Release;
		};
		F87F48F0267F703E004BD88D /* Build configuration list for PBXNativeTarget "PinterestTutorial-iOS" */ = {
			isa = XCConfigurationList;
			buildConfigurations = (
				F87F48F1267F703E004BD88D /* Debug */,
				F87F48F2267F703E004BD88D /* Release */,
			);
			defaultConfigurationIsVisible = 0;
			defaultConfigurationName = Release;
		};
/* End XCConfigurationList section */
	};
	rootObject = F87F48D4267F703E004BD88D /* Project object */;
}
